
Microsoft Visual Studio Solution File, Format Version 12.00
# Visual Studio Version 17
VisualStudioVersion = 17.2.32516.85
MinimumVisualStudioVersion = 10.0.40219.1
Project("{FAE04EC0-301F-11D3-BF4B-00C04F79EFBC}") = "StateMachine", "ConsoleApp12\StateMachine.csproj", "{D1D62A71-DFE0-4EB1-B73B-5A2D945BDFE9}"
EndProject
Global
	GlobalSection(SolutionConfigurationPlatforms) = preSolution
		Debug|Any CPU = Debug|Any CPU
		Release|Any CPU = Release|Any CPU
	EndGlobalSection
	GlobalSection(ProjectConfigurationPlatforms) = postSolution
		{D1D62A71-DFE0-4EB1-B73B-5A2D945BDFE9}.Debug|Any CPU.ActiveCfg = Debug|Any CPU
		{D1D62A71-DFE0-4EB1-B73B-5A2D945BDFE9}.Debug|Any CPU.Build.0 = Debug|Any CPU
		{D1D62A71-DFE0-4EB1-B73B-5A2D945BDFE9}.Release|Any CPU.ActiveCfg = Release|Any CPU
		{D1D62A71-DFE0-4EB1-B73B-5A2D945BDFE9}.Release|Any CPU.Build.0 = Release|Any CPU
	EndGlobalSection
	GlobalSection(SolutionProperties) = preSolution
		HideSolutionNode = FALSE
	EndGlobalSection
	GlobalSection(ExtensibilityGlobals) = postSolution
		SolutionGuid = {5495B6EA-755C-4418-8563-34354F5C515F}
	EndGlobalSection
EndGlobal
